
Microsoft Visual Studio Solution File, Format Version 12.00
# Visual Studio 15
VisualStudioVersion = 15.0.27703.2035
MinimumVisualStudioVersion = 10.0.40219.1
Project("{9A19103F-16F7-4668-BE54-9A1E7A4F7556}") = "UniversalTypeConverter", "UniversalTypeConverter\UniversalTypeConverter.csproj", "{35485075-3FA7-4370-9BC2-1955E273243B}"
EndProject
Project("{FAE04EC0-301F-11D3-BF4B-00C04F79EFBC}") = "UniversalTypeConverter.Tests", "UniversalTypeConverter.Tests\UniversalTypeConverter.Tests.csproj", "{026CF6EA-E7AB-4883-9259-550BC7C0E3CD}"
EndProject
Global
	GlobalSection(SolutionConfigurationPlatforms) = preSolution
		Debug|Any CPU = Debug|Any CPU
		Release|Any CPU = Release|Any CPU
	EndGlobalSection
	GlobalSection(ProjectConfigurationPlatforms) = postSolution
		{35485075-3FA7-4370-9BC2-1955E273243B}.Debug|Any CPU.ActiveCfg = Debug|Any CPU
		{35485075-3FA7-4370-9BC2-1955E273243B}.Debug|Any CPU.Build.0 = Debug|Any CPU
		{35485075-3FA7-4370-9BC2-1955E273243B}.Release|Any CPU.ActiveCfg = Release|Any CPU
		{35485075-3FA7-4370-9BC2-1955E273243B}.Release|Any CPU.Build.0 = Release|Any CPU
		{026CF6EA-E7AB-4883-9259-550BC7C0E3CD}.Debug|Any CPU.ActiveCfg = Debug|Any CPU
		{026CF6EA-E7AB-4883-9259-550BC7C0E3CD}.Debug|Any CPU.Build.0 = Debug|Any CPU
		{026CF6EA-E7AB-4883-9259-550BC7C0E3CD}.Release|Any CPU.ActiveCfg = Release|Any CPU
		{026CF6EA-E7AB-4883-9259-550BC7C0E3CD}.Release|Any CPU.Build.0 = Release|Any CPU
	EndGlobalSection
	GlobalSection(SolutionProperties) = preSolution
		HideSolutionNode = FALSE
	EndGlobalSection
	GlobalSection(ExtensibilityGlobals) = postSolution
		SolutionGuid = {D0A9E3D3-9BFD-42E8-95A1-C51DB370CFAC}
	EndGlobalSection
EndGlobal
